
Microsoft Visual Studio Solution File, Format Version 12.00
# Visual Studio Version 17
VisualStudioVersion = 17.2.32526.322
MinimumVisualStudioVersion = 10.0.40219.1
Project("{FAE04EC0-301F-11D3-BF4B-00C04F79EFBC}") = "API", "API\API.csproj", "{6F654825-EA8A-4F29-A138-49F63D0BB528}"
EndProject
Project("{FAE04EC0-301F-11D3-BF4B-00C04F79EFBC}") = "Infrastructure", "Infrastructure\Infrastructure.csproj", "{0596C04B-BF30-4E5C-8BC0-64C38E133FB1}"
EndProject
Project("{FAE04EC0-301F-11D3-BF4B-00C04F79EFBC}") = "Core", "Core\Core.csproj", "{5059FD97-E983-4448-BD2F-EB119FC77ED9}"
EndProject
Global
	GlobalSection(SolutionConfigurationPlatforms) = preSolution
		Debug|Any CPU = Debug|Any CPU
		Release|Any CPU = Release|Any CPU
	EndGlobalSection
	GlobalSection(ProjectConfigurationPlatforms) = postSolution
		{6F654825-EA8A-4F29-A138-49F63D0BB528}.Debug|Any CPU.ActiveCfg = Debug|Any CPU
		{6F654825-EA8A-4F29-A138-49F63D0BB528}.Debug|Any CPU.Build.0 = Debug|Any CPU
		{6F654825-EA8A-4F29-A138-49F63D0BB528}.Release|Any CPU.ActiveCfg = Release|Any CPU
		{6F654825-EA8A-4F29-A138-49F63D0BB528}.Release|Any CPU.Build.0 = Release|Any CPU
		{0596C04B-BF30-4E5C-8BC0-64C38E133FB1}.Debug|Any CPU.ActiveCfg = Debug|Any CPU
		{0596C04B-BF30-4E5C-8BC0-64C38E133FB1}.Debug|Any CPU.Build.0 = Debug|Any CPU
		{0596C04B-BF30-4E5C-8BC0-64C38E133FB1}.Release|Any CPU.ActiveCfg = Release|Any CPU
		{0596C04B-BF30-4E5C-8BC0-64C38E133FB1}.Release|Any CPU.Build.0 = Release|Any CPU
		{5059FD97-E983-4448-BD2F-EB119FC77ED9}.Debug|Any CPU.ActiveCfg = Debug|Any CPU
		{5059FD97-E983-4448-BD2F-EB119FC77ED9}.Debug|Any CPU.Build.0 = Debug|Any CPU
		{5059FD97-E983-4448-BD2F-EB119FC77ED9}.Release|Any CPU.ActiveCfg = Release|Any CPU
		{5059FD97-E983-4448-BD2F-EB119FC77ED9}.Release|Any CPU.Build.0 = Release|Any CPU
	EndGlobalSection
	GlobalSection(SolutionProperties) = preSolution
		HideSolutionNode = FALSE
	EndGlobalSection
	GlobalSection(ExtensibilityGlobals) = postSolution
		SolutionGuid = {BF457725-FDB2-4138-9788-F1BE35DD080E}
	EndGlobalSection
EndGlobal
